
Microsoft Visual Studio Solution File, Format Version 12.00
# Visual Studio 2013
VisualStudioVersion = 12.0.30501.0
MinimumVisualStudioVersion = 10.0.40219.1
Project("{FAE04EC0-301F-11D3-BF4B-00C04F79EFBC}") = "HO偏差", "HO偏差\HO偏差.csproj", "{52591EBB-281B-4E01-ABAC-8A02CEE6B5C9}"
EndProject
Project("{FAE04EC0-301F-11D3-BF4B-00C04F79EFBC}") = "Math.Calculus", "Math.Calculus\Math.Calculus.csproj", "{033B816F-BF82-4A56-87A5-13DA07A92C50}"
EndProject
Project("{FAE04EC0-301F-11D3-BF4B-00C04F79EFBC}") = "test", "test\test.csproj", "{411E7A67-A5D5-47C3-BD8F-70C22DCBC11E}"
EndProject
Global
	GlobalSection(SolutionConfigurationPlatforms) = preSolution
		Debug|Any CPU = Debug|Any CPU
		Release|Any CPU = Release|Any CPU
	EndGlobalSection
	GlobalSection(ProjectConfigurationPlatforms) = postSolution
		{52591EBB-281B-4E01-ABAC-8A02CEE6B5C9}.Debug|Any CPU.ActiveCfg = Debug|Any CPU
		{52591EBB-281B-4E01-ABAC-8A02CEE6B5C9}.Debug|Any CPU.Build.0 = Debug|Any CPU
		{52591EBB-281B-4E01-ABAC-8A02CEE6B5C9}.Release|Any CPU.ActiveCfg = Release|Any CPU
		{52591EBB-281B-4E01-ABAC-8A02CEE6B5C9}.Release|Any CPU.Build.0 = Release|Any CPU
		{033B816F-BF82-4A56-87A5-13DA07A92C50}.Debug|Any CPU.ActiveCfg = Debug|Any CPU
		{033B816F-BF82-4A56-87A5-13DA07A92C50}.Debug|Any CPU.Build.0 = Debug|Any CPU
		{033B816F-BF82-4A56-87A5-13DA07A92C50}.Release|Any CPU.ActiveCfg = Release|Any CPU
		{033B816F-BF82-4A56-87A5-13DA07A92C50}.Release|Any CPU.Build.0 = Release|Any CPU
		{411E7A67-A5D5-47C3-BD8F-70C22DCBC11E}.Debug|Any CPU.ActiveCfg = Debug|Any CPU
		{411E7A67-A5D5-47C3-BD8F-70C22DCBC11E}.Debug|Any CPU.Build.0 = Debug|Any CPU
		{411E7A67-A5D5-47C3-BD8F-70C22DCBC11E}.Release|Any CPU.ActiveCfg = Release|Any CPU
		{411E7A67-A5D5-47C3-BD8F-70C22DCBC11E}.Release|Any CPU.Build.0 = Release|Any CPU
	EndGlobalSection
	GlobalSection(SolutionProperties) = preSolution
		HideSolutionNode = FALSE
	EndGlobalSection
EndGlobal
